version: 1.0
shards:
  cute:
    github: Papierkorb/cute
    commit: fae7e23775181855f6dd77a84a2cc8e8ad8da2d4

  db:
    github: crystal-lang/crystal-db
    version: 0.3.3

  msgpack:
    github: benoist/msgpack-crystal
    commit: ae46aeab71ed38e836b9056a207a583deb9ea63a

  pg:
    github: will/crystal-pg
    version: 0.13.2

  predict:
    github: RX14/predict.cr
    commit: f68fc46aa6c6936c01a147149dc2718eb02a3b81

  radix:
    github: luislavena/radix
    version: 0.3.5

